
Microsoft Visual Studio Solution File, Format Version 12.00
# Visual Studio Version 17
VisualStudioVersion = 17.4.33205.214
MinimumVisualStudioVersion = 10.0.40219.1
Project("{FAE04EC0-301F-11D3-BF4B-00C04F79EFBC}") = "LAB0003", "LAB0003\LAB0003.csproj", "{5BF84B80-1B52-4A55-AF14-A611AD96D718}"
EndProject
Global
	GlobalSection(SolutionConfigurationPlatforms) = preSolution
		Debug|Any CPU = Debug|Any CPU
		Release|Any CPU = Release|Any CPU
	EndGlobalSection
	GlobalSection(ProjectConfigurationPlatforms) = postSolution
		{5BF84B80-1B52-4A55-AF14-A611AD96D718}.Debug|Any CPU.ActiveCfg = Debug|Any CPU
		{5BF84B80-1B52-4A55-AF14-A611AD96D718}.Debug|Any CPU.Build.0 = Debug|Any CPU
		{5BF84B80-1B52-4A55-AF14-A611AD96D718}.Release|Any CPU.ActiveCfg = Release|Any CPU
		{5BF84B80-1B52-4A55-AF14-A611AD96D718}.Release|Any CPU.Build.0 = Release|Any CPU
	EndGlobalSection
	GlobalSection(SolutionProperties) = preSolution
		HideSolutionNode = FALSE
	EndGlobalSection
	GlobalSection(ExtensibilityGlobals) = postSolution
		SolutionGuid = {22776B1D-E431-4D89-8669-DA72EEAF6B33}
	EndGlobalSection
EndGlobal
